// !$*UTF8*$!
{
	archiveVersion = 1;
	classes = {
	};
	objectVersion = 50;
	objects = {

/* Begin PBXBuildFile section */
		3CB6966225F12943003C5DE8 /* AppDelegate.swift in Sources */ = {isa = PBXBuildFile; fileRef = 3CB6966125F12943003C5DE8 /* AppDelegate.swift */; };
		3CB6966425F12943003C5DE8 /* SceneDelegate.swift in Sources */ = {isa = PBXBuildFile; fileRef = 3CB6966325F12943003C5DE8 /* SceneDelegate.swift */; };
		3CB6966625F12943003C5DE8 /* ContentView.swift in Sources */ = {isa = PBXBuildFile; fileRef = 3CB6966525F12943003C5DE8 /* ContentView.swift */; };
		3CB6966925F12943003C5DE8 /* TestUIKitApp.xcdatamodeld in Sources */ = {isa = PBXBuildFile; fileRef = 3CB6966725F12943003C5DE8 /* TestUIKitApp.xcdatamodeld */; };
		3CB6966B25F12945003C5DE8 /* Assets.xcassets in Resources */ = {isa = PBXBuildFile; fileRef = 3CB6966A25F12945003C5DE8 /* Assets.xcassets */; };
		3CB6966E25F12945003C5DE8 /* Preview Assets.xcassets in Resources */ = {isa = PBXBuildFile; fileRef = 3CB6966D25F12945003C5DE8 /* Preview Assets.xcassets */; };
		3CB6967125F12945003C5DE8 /* LaunchScreen.storyboard in Resources */ = {isa = PBXBuildFile; fileRef = 3CB6966F25F12945003C5DE8 /* LaunchScreen.storyboard */; };
		3CB6967C25F12945003C5DE8 /* TestUIKitAppTests.swift in Sources */ = {isa = PBXBuildFile; fileRef = 3CB6967B25F12945003C5DE8 /* TestUIKitAppTests.swift */; };
		3CB6968725F12945003C5DE8 /* TestUIKitAppUITests.swift in Sources */ = {isa = PBXBuildFile; fileRef = 3CB6968625F12945003C5DE8 /* TestUIKitAppUITests.swift */; };
/* End PBXBuildFile section */

/* Begin PBXContainerItemProxy section */
		3CB6967825F12945003C5DE8 /* PBXContainerItemProxy */ = {
			isa = PBXContainerItemProxy;
			containerPortal = 3CB6965625F12943003C5DE8 /* Project object */;
			proxyType = 1;
			remoteGlobalIDString = 3CB6965D25F12943003C5DE8;
			remoteInfo = TestUIKitApp;
		};
		3CB6968325F12945003C5DE8 /* PBXContainerItemProxy */ = {
			isa = PBXContainerItemProxy;
			containerPortal = 3CB6965625F12943003C5DE8 /* Project object */;
			proxyType = 1;
			remoteGlobalIDString = 3CB6965D25F12943003C5DE8;
			remoteInfo = TestUIKitApp;
		};
/* End PBXContainerItemProxy section */

/* Begin PBXFileReference section */
		3CB6965E25F12943003C5DE8 /* TestUIKitApp.app */ = {isa = PBXFileReference; explicitFileType = wrapper.application; includeInIndex = 0; path = TestUIKitApp.app; sourceTree = BUILT_PRODUCTS_DIR; };
		3CB6966125F12943003C5DE8 /* AppDelegate.swift */ = {isa = PBXFileReference; lastKnownFileType = sourcecode.swift; path = AppDelegate.swift; sourceTree = "<group>"; };
		3CB6966325F12943003C5DE8 /* SceneDelegate.swift */ = {isa = PBXFileReference; lastKnownFileType = sourcecode.swift; path = SceneDelegate.swift; sourceTree = "<group>"; };
		3CB6966525F12943003C5DE8 /* ContentView.swift */ = {isa = PBXFileReference; lastKnownFileType = sourcecode.swift; path = ContentView.swift; sourceTree = "<group>"; };
		3CB6966825F12943003C5DE8 /* TestUIKitApp.xcdatamodel */ = {isa = PBXFileReference; lastKnownFileType = wrapper.xcdatamodel; path = TestUIKitApp.xcdatamodel; sourceTree = "<group>"; };
		3CB6966A25F12945003C5DE8 /* Assets.xcassets */ = {isa = PBXFileReference; lastKnownFileType = folder.assetcatalog; path = Assets.xcassets; sourceTree = "<group>"; };
		3CB6966D25F12945003C5DE8 /* Preview Assets.xcassets */ = {isa = PBXFileReference; lastKnownFileType = folder.assetcatalog; path = "Preview Assets.xcassets"; sourceTree = "<group>"; };
		3CB6967025F12945003C5DE8 /* Base */ = {isa = PBXFileReference; lastKnownFileType = file.storyboard; name = Base; path = Base.lproj/LaunchScreen.storyboard; sourceTree = "<group>"; };
		3CB6967225F12945003C5DE8 /* Info.plist */ = {isa = PBXFileReference; lastKnownFileType = text.plist.xml; path = Info.plist; sourceTree = "<group>"; };
		3CB6967725F12945003C5DE8 /* TestUIKitAppTests.xctest */ = {isa = PBXFileReference; explicitFileType = wrapper.cfbundle; includeInIndex = 0; path = TestUIKitAppTests.xctest; sourceTree = BUILT_PRODUCTS_DIR; };
		3CB6967B25F12945003C5DE8 /* TestUIKitAppTests.swift */ = {isa = PBXFileReference; lastKnownFileType = sourcecode.swift; path = TestUIKitAppTests.swift; sourceTree = "<group>"; };
		3CB6967D25F12945003C5DE8 /* Info.plist */ = {isa = PBXFileReference; lastKnownFileType = text.plist.xml; path = Info.plist; sourceTree = "<group>"; };
		3CB6968225F12945003C5DE8 /* TestUIKitAppUITests.xctest */ = {isa = PBXFileReference; explicitFileType = wrapper.cfbundle; includeInIndex = 0; path = TestUIKitAppUITests.xctest; sourceTree = BUILT_PRODUCTS_DIR; };
		3CB6968625F12945003C5DE8 /* TestUIKitAppUITests.swift */ = {isa = PBXFileReference; lastKnownFileType = sourcecode.swift; path = TestUIKitAppUITests.swift; sourceTree = "<group>"; };
		3CB6968825F12945003C5DE8 /* Info.plist */ = {isa = PBXFileReference; lastKnownFileType = text.plist.xml; path = Info.plist; sourceTree = "<group>"; };
/* End PBXFileReference section */

/* Begin PBXFrameworksBuildPhase section */
		3CB6965B25F12943003C5DE8 /* Frameworks */ = {
			isa = PBXFrameworksBuildPhase;
			buildActionMask = 2147483647;
			files = (
			);
			runOnlyForDeploymentPostprocessing = 0;
		};
		3CB6967425F12945003C5DE8 /* Frameworks */ = {
			isa = PBXFrameworksBuildPhase;
			buildActionMask = 2147483647;
			files = (
			);
			runOnlyForDeploymentPostprocessing = 0;
		};
		3CB6967F25F12945003C5DE8 /* Frameworks */ = {
			isa = PBXFrameworksBuildPhase;
			buildActionMask = 2147483647;
			files = (
			);
			runOnlyForDeploymentPostprocessing = 0;
		};
/* End PBXFrameworksBuildPhase section */

/* Begin PBXGroup section */
		3CB6965525F12943003C5DE8 = {
			isa = PBXGroup;
			children = (
				3CB6966025F12943003C5DE8 /* TestUIKitApp */,
				3CB6967A25F12945003C5DE8 /* TestUIKitAppTests */,
				3CB6968525F12945003C5DE8 /* TestUIKitAppUITests */,
				3CB6965F25F12943003C5DE8 /* Products */,
			);
			sourceTree = "<group>";
		};
		3CB6965F25F12943003C5DE8 /* Products */ = {
			isa = PBXGroup;
			children = (
				3CB6965E25F12943003C5DE8 /* TestUIKitApp.app */,
				3CB6967725F12945003C5DE8 /* TestUIKitAppTests.xctest */,
				3CB6968225F12945003C5DE8 /* TestUIKitAppUITests.xctest */,
			);
			name = Products;
			sourceTree = "<group>";
		};
		3CB6966025F12943003C5DE8 /* TestUIKitApp */ = {
			isa = PBXGroup;
			children = (
				3CB6966125F12943003C5DE8 /* AppDelegate.swift */,
				3CB6966325F12943003C5DE8 /* SceneDelegate.swift */,
				3CB6966525F12943003C5DE8 /* ContentView.swift */,
				3CB6966A25F12945003C5DE8 /* Assets.xcassets */,
				3CB6966F25F12945003C5DE8 /* LaunchScreen.storyboard */,
				3CB6967225F12945003C5DE8 /* Info.plist */,
				3CB6966725F12943003C5DE8 /* TestUIKitApp.xcdatamodeld */,
				3CB6966C25F12945003C5DE8 /* Preview Content */,
			);
			path = TestUIKitApp;
			sourceTree = "<group>";
		};
		3CB6966C25F12945003C5DE8 /* Preview Content */ = {
			isa = PBXGroup;
			children = (
				3CB6966D25F12945003C5DE8 /* Preview Assets.xcassets */,
			);
			path = "Preview Content";
			sourceTree = "<group>";
		};
		3CB6967A25F12945003C5DE8 /* TestUIKitAppTests */ = {
			isa = PBXGroup;
			children = (
				3CB6967B25F12945003C5DE8 /* TestUIKitAppTests.swift */,
				3CB6967D25F12945003C5DE8 /* Info.plist */,
			);
			path = TestUIKitAppTests;
			sourceTree = "<group>";
		};
		3CB6968525F12945003C5DE8 /* TestUIKitAppUITests */ = {
			isa = PBXGroup;
			children = (
				3CB6968625F12945003C5DE8 /* TestUIKitAppUITests.swift */,
				3CB6968825F12945003C5DE8 /* Info.plist */,
			);
			path = TestUIKitAppUITests;
			sourceTree = "<group>";
		};
/* End PBXGroup section */

/* Begin PBXNativeTarget section */
		3CB6965D25F12943003C5DE8 /* TestUIKitApp */ = {
			isa = PBXNativeTarget;
			buildConfigurationList = 3CB6968B25F12945003C5DE8 /* Build configuration list for PBXNativeTarget "TestUIKitApp" */;
			buildPhases = (
				3CB6965A25F12943003C5DE8 /* Sources */,
				3CB6965B25F12943003C5DE8 /* Frameworks */,
				3CB6965C25F12943003C5DE8 /* Resources */,
			);
			buildRules = (
			);
			dependencies = (
			);
			name = TestUIKitApp;
			productName = TestUIKitApp;
			productReference = 3CB6965E25F12943003C5DE8 /* TestUIKitApp.app */;
			productType = "com.apple.product-type.application";
		};
		3CB6967625F12945003C5DE8 /* TestUIKitAppTests */ = {
			isa = PBXNativeTarget;
			buildConfigurationList = 3CB6968E25F12945003C5DE8 /* Build configuration list for PBXNativeTarget "TestUIKitAppTests" */;
			buildPhases = (
				3CB6967325F12945003C5DE8 /* Sources */,
				3CB6967425F12945003C5DE8 /* Frameworks */,
				3CB6967525F12945003C5DE8 /* Resources */,
			);
			buildRules = (
			);
			dependencies = (
				3CB6967925F12945003C5DE8 /* PBXTargetDependency */,
			);
			name = TestUIKitAppTests;
			productName = TestUIKitAppTests;
			productReference = 3CB6967725F12945003C5DE8 /* TestUIKitAppTests.xctest */;
			productType = "com.apple.product-type.bundle.unit-test";
		};
		3CB6968125F12945003C5DE8 /* TestUIKitAppUITests */ = {
			isa = PBXNativeTarget;
			buildConfigurationList = 3CB6969125F12945003C5DE8 /* Build configuration list for PBXNativeTarget "TestUIKitAppUITests" */;
			buildPhases = (
				3CB6967E25F12945003C5DE8 /* Sources */,
				3CB6967F25F12945003C5DE8 /* Frameworks */,
				3CB6968025F12945003C5DE8 /* Resources */,
			);
			buildRules = (
			);
			dependencies = (
				3CB6968425F12945003C5DE8 /* PBXTargetDependency */,
			);
			name = TestUIKitAppUITests;
			productName = TestUIKitAppUITests;
			productReference = 3CB6968225F12945003C5DE8 /* TestUIKitAppUITests.xctest */;
			productType = "com.apple.product-type.bundle.ui-testing";
		};
/* End PBXNativeTarget section */

/* Begin PBXProject section */
		3CB6965625F12943003C5DE8 /* Project object */ = {
			isa = PBXProject;
			attributes = {
				LastSwiftUpdateCheck = 1220;
				LastUpgradeCheck = 1220;
				TargetAttributes = {
					3CB6965D25F12943003C5DE8 = {
						CreatedOnToolsVersion = 12.2;
					};
					3CB6967625F12945003C5DE8 = {
						CreatedOnToolsVersion = 12.2;
						TestTargetID = 3CB6965D25F12943003C5DE8;
					};
					3CB6968125F12945003C5DE8 = {
						CreatedOnToolsVersion = 12.2;
						TestTargetID = 3CB6965D25F12943003C5DE8;
					};
				};
			};
			buildConfigurationList = 3CB6965925F12943003C5DE8 /* Build configuration list for PBXProject "TestUIKitApp" */;
			compatibilityVersion = "Xcode 9.3";
			developmentRegion = en;
			hasScannedForEncodings = 0;
			knownRegions = (
				en,
				Base,
			);
			mainGroup = 3CB6965525F12943003C5DE8;
			productRefGroup = 3CB6965F25F12943003C5DE8 /* Products */;
			projectDirPath = "";
			projectRoot = "";
			targets = (
				3CB6965D25F12943003C5DE8 /* TestUIKitApp */,
				3CB6967625F12945003C5DE8 /* TestUIKitAppTests */,
				3CB6968125F12945003C5DE8 /* TestUIKitAppUITests */,
			);
		};
/* End PBXProject section */

/* Begin PBXResourcesBuildPhase section */
		3CB6965C25F12943003C5DE8 /* Resources */ = {
			isa = PBXResourcesBuildPhase;
			buildActionMask = 2147483647;
			files = (
				3CB6967125F12945003C5DE8 /* LaunchScreen.storyboard in Resources */,
				3CB6966E25F12945003C5DE8 /* Preview Assets.xcassets in Resources */,
				3CB6966B25F12945003C5DE8 /* Assets.xcassets in Resources */,
			);
			runOnlyForDeploymentPostprocessing = 0;
		};
		3CB6967525F12945003C5DE8 /* Resources */ = {
			isa = PBXResourcesBuildPhase;
			buildActionMask = 2147483647;
			files = (
			);
			runOnlyForDeploymentPostprocessing = 0;
		};
		3CB6968025F12945003C5DE8 /* Resources */ = {
			isa = PBXResourcesBuildPhase;
			buildActionMask = 2147483647;
			files = (
			);
			runOnlyForDeploymentPostprocessing = 0;
		};
/* End PBXResourcesBuildPhase section */

/* Begin PBXSourcesBuildPhase section */
		3CB6965A25F12943003C5DE8 /* Sources */ = {
			isa = PBXSourcesBuildPhase;
			buildActionMask = 2147483647;
			files = (
				3CB6966925F12943003C5DE8 /* TestUIKitApp.xcdatamodeld in Sources */,
				3CB6966225F12943003C5DE8 /* AppDelegate.swift in Sources */,
				3CB6966425F12943003C5DE8 /* SceneDelegate.swift in Sources */,
				3CB6966625F12943003C5DE8 /* ContentView.swift in Sources */,
			);
			runOnlyForDeploymentPostprocessing = 0;
		};
		3CB6967325F12945003C5DE8 /* Sources */ = {
			isa = PBXSourcesBuildPhase;
			buildActionMask = 2147483647;
			files = (
				3CB6967C25F12945003C5DE8 /* TestUIKitAppTests.swift in Sources */,
			);
			runOnlyForDeploymentPostprocessing = 0;
		};
		3CB6967E25F12945003C5DE8 /* Sources */ = {
			isa = PBXSourcesBuildPhase;
			buildActionMask = 2147483647;
			files = (
				3CB6968725F12945003C5DE8 /* TestUIKitAppUITests.swift in Sources */,
			);
			runOnlyForDeploymentPostprocessing = 0;
		};
/* End PBXSourcesBuildPhase section */

/* Begin PBXTargetDependency section */
		3CB6967925F12945003C5DE8 /* PBXTargetDependency */ = {
			isa = PBXTargetDependency;
			target = 3CB6965D25F12943003C5DE8 /* TestUIKitApp */;
			targetProxy = 3CB6967825F12945003C5DE8 /* PBXContainerItemProxy */;
		};
		3CB6968425F12945003C5DE8 /* PBXTargetDependency */ = {
			isa = PBXTargetDependency;
			target = 3CB6965D25F12943003C5DE8 /* TestUIKitApp */;
			targetProxy = 3CB6968325F12945003C5DE8 /* PBXContainerItemProxy */;
		};
/* End PBXTargetDependency section */

/* Begin PBXVariantGroup section */
		3CB6966F25F12945003C5DE8 /* LaunchScreen.storyboard */ = {
			isa = PBXVariantGroup;
			children = (
				3CB6967025F12945003C5DE8 /* Base */,
			);
			name = LaunchScreen.storyboard;
			sourceTree = "<group>";
		};
/* End PBXVariantGroup section */

/* Begin XCBuildConfiguration section */
		3CB6968925F12945003C5DE8 /* Debug */ = {
			isa = XCBuildConfiguration;
			buildSettings = {
				ALWAYS_SEARCH_USER_PATHS = NO;
				CLANG_ANALYZER_NONNULL = YES;
				CLANG_ANALYZER_NUMBER_OBJECT_CONVERSION = YES_AGGRESSIVE;
				CLANG_CXX_LANGUAGE_STANDARD = "gnu++14";
				CLANG_CXX_LIBRARY = "libc++";
				CLANG_ENABLE_MODULES = YES;
				CLANG_ENABLE_OBJC_ARC = YES;
				CLANG_ENABLE_OBJC_WEAK = YES;
				CLANG_WARN_BLOCK_CAPTURE_AUTORELEASING = YES;
				CLANG_WARN_BOOL_CONVERSION = YES;
				CLANG_WARN_COMMA = YES;
				CLANG_WARN_CONSTANT_CONVERSION = YES;
				CLANG_WARN_DEPRECATED_OBJC_IMPLEMENTATIONS = YES;
				CLANG_WARN_DIRECT_OBJC_ISA_USAGE = YES_ERROR;
				CLANG_WARN_DOCUMENTATION_COMMENTS = YES;
				CLANG_WARN_EMPTY_BODY = YES;
				CLANG_WARN_ENUM_CONVERSION = YES;
				CLANG_WARN_INFINITE_RECURSION = YES;
				CLANG_WARN_INT_CONVERSION = YES;
				CLANG_WARN_NON_LITERAL_NULL_CONVERSION = YES;
				CLANG_WARN_OBJC_IMPLICIT_RETAIN_SELF = YES;
				CLANG_WARN_OBJC_LITERAL_CONVERSION = YES;
				CLANG_WARN_OBJC_ROOT_CLASS = YES_ERROR;
				CLANG_WARN_QUOTED_INCLUDE_IN_FRAMEWORK_HEADER = YES;
				CLANG_WARN_RANGE_LOOP_ANALYSIS = YES;
				CLANG_WARN_STRICT_PROTOTYPES = YES;
				CLANG_WARN_SUSPICIOUS_MOVE = YES;
				CLANG_WARN_UNGUARDED_AVAILABILITY = YES_AGGRESSIVE;
				CLANG_WARN_UNREACHABLE_CODE = YES;
				CLANG_WARN__DUPLICATE_METHOD_MATCH = YES;
				COPY_PHASE_STRIP = NO;
				DEBUG_INFORMATION_FORMAT = dwarf;
				ENABLE_STRICT_OBJC_MSGSEND = YES;
				ENABLE_TESTABILITY = YES;
				GCC_C_LANGUAGE_STANDARD = gnu11;
				GCC_DYNAMIC_NO_PIC = NO;
				GCC_NO_COMMON_BLOCKS = YES;
				GCC_OPTIMIZATION_LEVEL = 0;
				GCC_PREPROCESSOR_DEFINITIONS = (
					"DEBUG=1",
					"$(inherited)",
				);
				GCC_WARN_64_TO_32_BIT_CONVERSION = YES;
				GCC_WARN_ABOUT_RETURN_TYPE = YES_ERROR;
				GCC_WARN_UNDECLARED_SELECTOR = YES;
				GCC_WARN_UNINITIALIZED_AUTOS = YES_AGGRESSIVE;
				GCC_WARN_UNUSED_FUNCTION = YES;
				GCC_WARN_UNUSED_VARIABLE = YES;
				IPHONEOS_DEPLOYMENT_TARGET = 14.2;
				MTL_ENABLE_DEBUG_INFO = INCLUDE_SOURCE;
				MTL_FAST_MATH = YES;
				ONLY_ACTIVE_ARCH = YES;
				SDKROOT = iphoneos;
				SWIFT_ACTIVE_COMPILATION_CONDITIONS = DEBUG;
				SWIFT_OPTIMIZATION_LEVEL = "-Onone";
			};
			name = Debug;
		};
		3CB6968A25F12945003C5DE8 /* Release */ = {
			isa = XCBuildConfiguration;
			buildSettings = {
				ALWAYS_SEARCH_USER_PATHS = NO;
				CLANG_ANALYZER_NONNULL = YES;
				CLANG_ANALYZER_NUMBER_OBJECT_CONVERSION = YES_AGGRESSIVE;
				CLANG_CXX_LANGUAGE_STANDARD = "gnu++14";
				CLANG_CXX_LIBRARY = "libc++";
				CLANG_ENABLE_MODULES = YES;
				CLANG_ENABLE_OBJC_ARC = YES;
				CLANG_ENABLE_OBJC_WEAK = YES;
				CLANG_WARN_BLOCK_CAPTURE_AUTORELEASING = YES;
				CLANG_WARN_BOOL_CONVERSION = YES;
				CLANG_WARN_COMMA = YES;
				CLANG_WARN_CONSTANT_CONVERSION = YES;
				CLANG_WARN_DEPRECATED_OBJC_IMPLEMENTATIONS = YES;
				CLANG_WARN_DIRECT_OBJC_ISA_USAGE = YES_ERROR;
				CLANG_WARN_DOCUMENTATION_COMMENTS = YES;
				CLANG_WARN_EMPTY_BODY = YES;
				CLANG_WARN_ENUM_CONVERSION = YES;
				CLANG_WARN_INFINITE_RECURSION = YES;
				CLANG_WARN_INT_CONVERSION = YES;
				CLANG_WARN_NON_LITERAL_NULL_CONVERSION = YES;
				CLANG_WARN_OBJC_IMPLICIT_RETAIN_SELF = YES;
				CLANG_WARN_OBJC_LITERAL_CONVERSION = YES;
				CLANG_WARN_OBJC_ROOT_CLASS = YES_ERROR;
				CLANG_WARN_QUOTED_INCLUDE_IN_FRAMEWORK_HEADER = YES;
				CLANG_WARN_RANGE_LOOP_ANALYSIS = YES;
				CLANG_WARN_STRICT_PROTOTYPES = YES;
				CLANG_WARN_SUSPICIOUS_MOVE = YES;
				CLANG_WARN_UNGUARDED_AVAILABILITY = YES_AGGRESSIVE;
				CLANG_WARN_UNREACHABLE_CODE = YES;
				CLANG_WARN__DUPLICATE_METHOD_MATCH = YES;
				COPY_PHASE_STRIP = NO;
				DEBUG_INFORMATION_FORMAT = "dwarf-with-dsym";
				ENABLE_NS_ASSERTIONS = NO;
				ENABLE_STRICT_OBJC_MSGSEND = YES;
				GCC_C_LANGUAGE_STANDARD = gnu11;
				GCC_NO_COMMON_BLOCKS = YES;
				GCC_WARN_64_TO_32_BIT_CONVERSION = YES;
				GCC_WARN_ABOUT_RETURN_TYPE = YES_ERROR;
				GCC_WARN_UNDECLARED_SELECTOR = YES;
				GCC_WARN_UNINITIALIZED_AUTOS = YES_AGGRESSIVE;
				GCC_WARN_UNUSED_FUNCTION = YES;
				GCC_WARN_UNUSED_VARIABLE = YES;
				IPHONEOS_DEPLOYMENT_TARGET = 14.2;
				MTL_ENABLE_DEBUG_INFO = NO;
				MTL_FAST_MATH = YES;
				SDKROOT = iphoneos;
				SWIFT_COMPILATION_MODE = wholemodule;
				SWIFT_OPTIMIZATION_LEVEL = "-O";
				VALIDATE_PRODUCT = YES;
			};
			name = Release;
		};
		3CB6968C25F12945003C5DE8 /* Debug */ = {
			isa = XCBuildConfiguration;
			buildSettings = {
				ASSETCATALOG_COMPILER_APPICON_NAME = AppIcon;
				ASSETCATALOG_COMPILER_GLOBAL_ACCENT_COLOR_NAME = AccentColor;
				CODE_SIGN_STYLE = Automatic;
				DEVELOPMENT_ASSET_PATHS = "\"TestUIKitApp/Preview Content\"";
				DEVELOPMENT_TEAM = HFJH82NC24;
				ENABLE_PREVIEWS = YES;
				INFOPLIST_FILE = TestUIKitApp/Info.plist;
				LD_RUNPATH_SEARCH_PATHS = (
					"$(inherited)",
					"@executable_path/Frameworks",
				);
				PRODUCT_BUNDLE_IDENTIFIER = com.zfr.TestUIKitApp;
				PRODUCT_NAME = "$(TARGET_NAME)";
				SWIFT_VERSION = 5.0;
				TARGETED_DEVICE_FAMILY = "1,2";
			};
			name = Debug;
		};
		3CB6968D25F12945003C5DE8 /* Release */ = {
			isa = XCBuildConfiguration;
			buildSettings = {
				ASSETCATALOG_COMPILER_APPICON_NAME = AppIcon;
				ASSETCATALOG_COMPILER_GLOBAL_ACCENT_COLOR_NAME = AccentColor;
				CODE_SIGN_STYLE = Automatic;
				DEVELOPMENT_ASSET_PATHS = "\"TestUIKitApp/Preview Content\"";
				DEVELOPMENT_TEAM = HFJH82NC24;
				ENABLE_PREVIEWS = YES;
				INFOPLIST_FILE = TestUIKitApp/Info.plist;
				LD_RUNPATH_SEARCH_PATHS = (
					"$(inherited)",
					"@executable_path/Frameworks",
				);
				PRODUCT_BUNDLE_IDENTIFIER = com.zfr.TestUIKitApp;
				PRODUCT_NAME = "$(TARGET_NAME)";
				SWIFT_VERSION = 5.0;
				TARGETED_DEVICE_FAMILY = "1,2";
			};
			name = Release;
		};
		3CB6968F25F12945003C5DE8 /* Debug */ = {
			isa = XCBuildConfiguration;
			buildSettings = {
				ALWAYS_EMBED_SWIFT_STANDARD_LIBRARIES = YES;
				BUNDLE_LOADER = "$(TEST_HOST)";
				CODE_SIGN_STYLE = Automatic;
				DEVELOPMENT_TEAM = HFJH82NC24;
				INFOPLIST_FILE = TestUIKitAppTests/Info.plist;
				IPHONEOS_DEPLOYMENT_TARGET = 14.2;
				LD_RUNPATH_SEARCH_PATHS = (
					"$(inherited)",
					"@executable_path/Frameworks",
					"@loader_path/Frameworks",
				);
				PRODUCT_BUNDLE_IDENTIFIER = com.zfr.TestUIKitAppTests;
				PRODUCT_NAME = "$(TARGET_NAME)";
				SWIFT_VERSION = 5.0;
				TARGETED_DEVICE_FAMILY = "1,2";
				TEST_HOST = "$(BUILT_PRODUCTS_DIR)/TestUIKitApp.app/TestUIKitApp";
			};
			name = Debug;
		};
		3CB6969025F12945003C5DE8 /* Release */ = {
			isa = XCBuildConfiguration;
			buildSettings = {
				ALWAYS_EMBED_SWIFT_STANDARD_LIBRARIES = YES;
				BUNDLE_LOADER = "$(TEST_HOST)";
				CODE_SIGN_STYLE = Automatic;
				DEVELOPMENT_TEAM = HFJH82NC24;
				INFOPLIST_FILE = TestUIKitAppTests/Info.plist;
				IPHONEOS_DEPLOYMENT_TARGET = 14.2;
				LD_RUNPATH_SEARCH_PATHS = (
					"$(inherited)",
					"@executable_path/Frameworks",
					"@loader_path/Frameworks",
				);
				PRODUCT_BUNDLE_IDENTIFIER = com.zfr.TestUIKitAppTests;
				PRODUCT_NAME = "$(TARGET_NAME)";
				SWIFT_VERSION = 5.0;
				TARGETED_DEVICE_FAMILY = "1,2";
				TEST_HOST = "$(BUILT_PRODUCTS_DIR)/TestUIKitApp.app/TestUIKitApp";
			};
			name = Release;
		};
		3CB6969225F12945003C5DE8 /* Debug */ = {
			isa = XCBuildConfiguration;
			buildSettings = {
				ALWAYS_EMBED_SWIFT_STANDARD_LIBRARIES = YES;
				CODE_SIGN_STYLE = Automatic;
				DEVELOPMENT_TEAM = HFJH82NC24;
				INFOPLIST_FILE = TestUIKitAppUITests/Info.plist;
				LD_RUNPATH_SEARCH_PATHS = (
					"$(inherited)",
					"@executable_path/Frameworks",
					"@loader_path/Frameworks",
				);
				PRODUCT_BUNDLE_IDENTIFIER = com.zfr.TestUIKitAppUITests;
				PRODUCT_NAME = "$(TARGET_NAME)";
				SWIFT_VERSION = 5.0;
				TARGETED_DEVICE_FAMILY = "1,2";
				TEST_TARGET_NAME = TestUIKitApp;
			};
			name = Debug;
		};
		3CB6969325F12945003C5DE8 /* Release */ = {
			isa = XCBuildConfiguration;
			buildSettings = {
				ALWAYS_EMBED_SWIFT_STANDARD_LIBRARIES = YES;
				CODE_SIGN_STYLE = Automatic;
				DEVELOPMENT_TEAM = HFJH82NC24;
				INFOPLIST_FILE = TestUIKitAppUITests/Info.plist;
				LD_RUNPATH_SEARCH_PATHS = (
					"$(inherited)",
					"@executable_path/Frameworks",
					"@loader_path/Frameworks",
				);
				PRODUCT_BUNDLE_IDENTIFIER = com.zfr.TestUIKitAppUITests;
				PRODUCT_NAME = "$(TARGET_NAME)";
				SWIFT_VERSION = 5.0;
				TARGETED_DEVICE_FAMILY = "1,2";
				TEST_TARGET_NAME = TestUIKitApp;
			};
			name = Release;
		};
/* End XCBuildConfiguration section */

/* Begin XCConfigurationList section */
		3CB6965925F12943003C5DE8 /* Build configuration list for PBXProject "TestUIKitApp" */ = {
			isa = XCConfigurationList;
			buildConfigurations = (
				3CB6968925F12945003C5DE8 /* Debug */,
				3CB6968A25F12945003C5DE8 /* Release */,
			);
			defaultConfigurationIsVisible = 0;
			defaultConfigurationName = Release;
		};
		3CB6968B25F12945003C5DE8 /* Build configuration list for PBXNativeTarget "TestUIKitApp" */ = {
			isa = XCConfigurationList;
			buildConfigurations = (
				3CB6968C25F12945003C5DE8 /* Debug */,
				3CB6968D25F12945003C5DE8 /* Release */,
			);
			defaultConfigurationIsVisible = 0;
			defaultConfigurationName = Release;
		};
		3CB6968E25F12945003C5DE8 /* Build configuration list for PBXNativeTarget "TestUIKitAppTests" */ = {
			isa = XCConfigurationList;
			buildConfigurations = (
				3CB6968F25F12945003C5DE8 /* Debug */,
				3CB6969025F12945003C5DE8 /* Release */,
			);
			defaultConfigurationIsVisible = 0;
			defaultConfigurationName = Release;
		};
		3CB6969125F12945003C5DE8 /* Build configuration list for PBXNativeTarget "TestUIKitAppUITests" */ = {
			isa = XCConfigurationList;
			buildConfigurations = (
				3CB6969225F12945003C5DE8 /* Debug */,
				3CB6969325F12945003C5DE8 /* Release */,
			);
			defaultConfigurationIsVisible = 0;
			defaultConfigurationName = Release;
		};
/* End XCConfigurationList section */

/* Begin XCVersionGroup section */
		3CB6966725F12943003C5DE8 /* TestUIKitApp.xcdatamodeld */ = {
			isa = XCVersionGroup;
			children = (
				3CB6966825F12943003C5DE8 /* TestUIKitApp.xcdatamodel */,
			);
			currentVersion = 3CB6966825F12943003C5DE8 /* TestUIKitApp.xcdatamodel */;
			path = TestUIKitApp.xcdatamodeld;
			sourceTree = "<group>";
			versionGroupType = wrapper.xcdatamodel;
		};
/* End XCVersionGroup section */
	};
	rootObject = 3CB6965625F12943003C5DE8 /* Project object */;
}
